// !$*UTF8*$!
{
	archiveVersion = 1;
	classes = {
	};
	objectVersion = 46;
	objects = {

/* Begin PBXBuildFile section */
		431BDC6D17DAE2A800937886 /* login.m in Sources */ = {isa = PBXBuildFile; fileRef = 431BDC6B17DAE2A800937886 /* login.m */; };
		431BDC7217DAE6A200937886 /* mypage.m in Sources */ = {isa = PBXBuildFile; fileRef = 431BDC7017DAE6A200937886 /* mypage.m */; };
		431BDC7717DAE6E300937886 /* group.m in Sources */ = {isa = PBXBuildFile; fileRef = 431BDC7517DAE6E300937886 /* group.m */; };
		431BDC7C17DB034E00937886 /* newflashcard.m in Sources */ = {isa = PBXBuildFile; fileRef = 431BDC7A17DB034E00937886 /* newflashcard.m */; };
		431BDD4017DB170100937886 /* QuartzCore.framework in Frameworks */ = {isa = PBXBuildFile; fileRef = 431BDD3F17DB170100937886 /* QuartzCore.framework */; };
		431BDD4317DB178400937886 /* sample1.png in Resources */ = {isa = PBXBuildFile; fileRef = 431BDD4117DB178300937886 /* sample1.png */; };
		431BDD4417DB178400937886 /* sample2.png in Resources */ = {isa = PBXBuildFile; fileRef = 431BDD4217DB178400937886 /* sample2.png */; };
		4344FD2817DEE747002CAAF7 /* regist_user.m in Sources */ = {isa = PBXBuildFile; fileRef = 4344FD2717DEE747002CAAF7 /* regist_user.m */; };
		4358606D17DC4F270026D7A2 /* choice_group.m in Sources */ = {isa = PBXBuildFile; fileRef = 4358606C17DC4F270026D7A2 /* choice_group.m */; };
		436E144F17DD57F600223D66 /* choice_word.m in Sources */ = {isa = PBXBuildFile; fileRef = 436E144E17DD57F600223D66 /* choice_word.m */; };
		436E145217DD6C7200223D66 /* 127.gif in Resources */ = {isa = PBXBuildFile; fileRef = 436E145017DD6C7200223D66 /* 127.gif */; };
		436E145317DD6C7200223D66 /* 136.gif in Resources */ = {isa = PBXBuildFile; fileRef = 436E145117DD6C7200223D66 /* 136.gif */; };
		436E145C17DD704600223D66 /* flashcard.m in Sources */ = {isa = PBXBuildFile; fileRef = 436E145B17DD704600223D66 /* flashcard.m */; };
		436E145F17DD827A00223D66 /* flashcard_setting.m in Sources */ = {isa = PBXBuildFile; fileRef = 436E145E17DD827A00223D66 /* flashcard_setting.m */; };
		436E147417DDAE5100223D66 /* edit_flashcard.m in Sources */ = {isa = PBXBuildFile; fileRef = 436E147317DDAE5100223D66 /* edit_flashcard.m */; };
		436E147717DDB22F00223D66 /* newgroup.m in Sources */ = {isa = PBXBuildFile; fileRef = 436E147617DDB22F00223D66 /* newgroup.m */; };
		4384168517DF01580085F9B2 /* DataViewController.m in Sources */ = {isa = PBXBuildFile; fileRef = 4384168417DF01580085F9B2 /* DataViewController.m */; };
		4384168817DF016F0085F9B2 /* ModelController.m in Sources */ = {isa = PBXBuildFile; fileRef = 4384168717DF016F0085F9B2 /* ModelController.m */; };
		4384168B17DF01820085F9B2 /* RootViewController.m in Sources */ = {isa = PBXBuildFile; fileRef = 4384168A17DF01820085F9B2 /* RootViewController.m */; };
		4384168E17DF02C90085F9B2 /* ViewController.m in Sources */ = {isa = PBXBuildFile; fileRef = 4384168D17DF02C90085F9B2 /* ViewController.m */; };
		43F0CA7F17DDBEC100B13C26 /* group_information.m in Sources */ = {isa = PBXBuildFile; fileRef = 43F0CA7E17DDBEC100B13C26 /* group_information.m */; };
		43F0CA8D17DDCE6E00B13C26 /* search_group.m in Sources */ = {isa = PBXBuildFile; fileRef = 43F0CA8B17DDCE6E00B13C26 /* search_group.m */; };
		43F0CA8E17DDCE6E00B13C26 /* search_group.xib in Resources */ = {isa = PBXBuildFile; fileRef = 43F0CA8C17DDCE6E00B13C26 /* search_group.xib */; };
		43F0CA9317DDD37900B13C26 /* group_database.m in Sources */ = {isa = PBXBuildFile; fileRef = 43F0CA9217DDD37900B13C26 /* group_database.m */; };
		43F0CA9617DE9C6500B13C26 /* check_off.png in Resources */ = {isa = PBXBuildFile; fileRef = 43F0CA9417DE9C6500B13C26 /* check_off.png */; };
		43F0CA9717DE9C6500B13C26 /* check_on.png in Resources */ = {isa = PBXBuildFile; fileRef = 43F0CA9517DE9C6500B13C26 /* check_on.png */; };
		C3926E0417DE9FDE003F2131 /* HttpRequest.m in Sources */ = {isa = PBXBuildFile; fileRef = C3926E0317DE9FDE003F2131 /* HttpRequest.m */; };
		C3E094A517D9E89100E7EB94 /* UIKit.framework in Frameworks */ = {isa = PBXBuildFile; fileRef = C3E094A417D9E89100E7EB94 /* UIKit.framework */; };
		C3E094A717D9E89100E7EB94 /* Foundation.framework in Frameworks */ = {isa = PBXBuildFile; fileRef = C3E094A617D9E89100E7EB94 /* Foundation.framework */; };
		C3E094A917D9E89100E7EB94 /* CoreGraphics.framework in Frameworks */ = {isa = PBXBuildFile; fileRef = C3E094A817D9E89100E7EB94 /* CoreGraphics.framework */; };
		C3E094AF17D9E89100E7EB94 /* InfoPlist.strings in Resources */ = {isa = PBXBuildFile; fileRef = C3E094AD17D9E89100E7EB94 /* InfoPlist.strings */; };
		C3E094B117D9E89100E7EB94 /* main.m in Sources */ = {isa = PBXBuildFile; fileRef = C3E094B017D9E89100E7EB94 /* main.m */; };
		C3E094B517D9E89100E7EB94 /* AppDelegate.m in Sources */ = {isa = PBXBuildFile; fileRef = C3E094B417D9E89100E7EB94 /* AppDelegate.m */; };
		C3E094B717D9E89100E7EB94 /* Default.png in Resources */ = {isa = PBXBuildFile; fileRef = C3E094B617D9E89100E7EB94 /* Default.png */; };
		C3E094B917D9E89100E7EB94 /* Default@2x.png in Resources */ = {isa = PBXBuildFile; fileRef = C3E094B817D9E89100E7EB94 /* Default@2x.png */; };
		C3E094BB17D9E89100E7EB94 /* Default-568h@2x.png in Resources */ = {isa = PBXBuildFile; fileRef = C3E094BA17D9E89100E7EB94 /* Default-568h@2x.png */; };
		C3E094BE17D9E89100E7EB94 /* MainStoryboard_iPhone.storyboard in Resources */ = {isa = PBXBuildFile; fileRef = C3E094BC17D9E89100E7EB94 /* MainStoryboard_iPhone.storyboard */; };
/* End PBXBuildFile section */

/* Begin PBXFileReference section */
		431BDC6A17DAE2A800937886 /* login.h */ = {isa = PBXFileReference; fileEncoding = 4; lastKnownFileType = sourcecode.c.h; path = login.h; sourceTree = "<group>"; };
		431BDC6B17DAE2A800937886 /* login.m */ = {isa = PBXFileReference; fileEncoding = 4; lastKnownFileType = sourcecode.c.objc; path = login.m; sourceTree = "<group>"; };
		431BDC6F17DAE6A200937886 /* mypage.h */ = {isa = PBXFileReference; fileEncoding = 4; lastKnownFileType = sourcecode.c.h; path = mypage.h; sourceTree = "<group>"; };
		431BDC7017DAE6A200937886 /* mypage.m */ = {isa = PBXFileReference; fileEncoding = 4; lastKnownFileType = sourcecode.c.objc; path = mypage.m; sourceTree = "<group>"; };
		431BDC7417DAE6E300937886 /* group.h */ = {isa = PBXFileReference; fileEncoding = 4; lastKnownFileType = sourcecode.c.h; path = group.h; sourceTree = "<group>"; };
		431BDC7517DAE6E300937886 /* group.m */ = {isa = PBXFileReference; fileEncoding = 4; lastKnownFileType = sourcecode.c.objc; path = group.m; sourceTree = "<group>"; };
		431BDC7917DB034E00937886 /* newflashcard.h */ = {isa = PBXFileReference; fileEncoding = 4; lastKnownFileType = sourcecode.c.h; path = newflashcard.h; sourceTree = "<group>"; };
		431BDC7A17DB034E00937886 /* newflashcard.m */ = {isa = PBXFileReference; fileEncoding = 4; lastKnownFileType = sourcecode.c.objc; path = newflashcard.m; sourceTree = "<group>"; };
		431BDD3F17DB170100937886 /* QuartzCore.framework */ = {isa = PBXFileReference; lastKnownFileType = wrapper.framework; name = QuartzCore.framework; path = System/Library/Frameworks/QuartzCore.framework; sourceTree = SDKROOT; };
		431BDD4117DB178300937886 /* sample1.png */ = {isa = PBXFileReference; lastKnownFileType = image.png; path = sample1.png; sourceTree = "<group>"; };
		431BDD4217DB178400937886 /* sample2.png */ = {isa = PBXFileReference; lastKnownFileType = image.png; path = sample2.png; sourceTree = "<group>"; };
		4344FD2617DEE746002CAAF7 /* regist_user.h */ = {isa = PBXFileReference; fileEncoding = 4; lastKnownFileType = sourcecode.c.h; path = regist_user.h; sourceTree = "<group>"; };
		4344FD2717DEE747002CAAF7 /* regist_user.m */ = {isa = PBXFileReference; fileEncoding = 4; lastKnownFileType = sourcecode.c.objc; path = regist_user.m; sourceTree = "<group>"; };
		4358606B17DC4F270026D7A2 /* choice_group.h */ = {isa = PBXFileReference; fileEncoding = 4; lastKnownFileType = sourcecode.c.h; path = choice_group.h; sourceTree = "<group>"; };
		4358606C17DC4F270026D7A2 /* choice_group.m */ = {isa = PBXFileReference; fileEncoding = 4; lastKnownFileType = sourcecode.c.objc; path = choice_group.m; sourceTree = "<group>"; };
		436E144D17DD57F600223D66 /* choice_word.h */ = {isa = PBXFileReference; fileEncoding = 4; lastKnownFileType = sourcecode.c.h; path = choice_word.h; sourceTree = "<group>"; };
		436E144E17DD57F600223D66 /* choice_word.m */ = {isa = PBXFileReference; fileEncoding = 4; lastKnownFileType = sourcecode.c.objc; path = choice_word.m; sourceTree = "<group>"; };
		436E145017DD6C7200223D66 /* 127.gif */ = {isa = PBXFileReference; lastKnownFileType = image.gif; path = 127.gif; sourceTree = "<group>"; };
		436E145117DD6C7200223D66 /* 136.gif */ = {isa = PBXFileReference; lastKnownFileType = image.gif; path = 136.gif; sourceTree = "<group>"; };
		436E145A17DD704500223D66 /* flashcard.h */ = {isa = PBXFileReference; fileEncoding = 4; lastKnownFileType = sourcecode.c.h; path = flashcard.h; sourceTree = "<group>"; };
		436E145B17DD704600223D66 /* flashcard.m */ = {isa = PBXFileReference; fileEncoding = 4; lastKnownFileType = sourcecode.c.objc; path = flashcard.m; sourceTree = "<group>"; };
		436E145D17DD827A00223D66 /* flashcard_setting.h */ = {isa = PBXFileReference; fileEncoding = 4; lastKnownFileType = sourcecode.c.h; path = flashcard_setting.h; sourceTree = "<group>"; };
		436E145E17DD827A00223D66 /* flashcard_setting.m */ = {isa = PBXFileReference; fileEncoding = 4; lastKnownFileType = sourcecode.c.objc; path = flashcard_setting.m; sourceTree = "<group>"; };
		436E147217DDAE5100223D66 /* edit_flashcard.h */ = {isa = PBXFileReference; fileEncoding = 4; lastKnownFileType = sourcecode.c.h; path = edit_flashcard.h; sourceTree = "<group>"; };
		436E147317DDAE5100223D66 /* edit_flashcard.m */ = {isa = PBXFileReference; fileEncoding = 4; lastKnownFileType = sourcecode.c.objc; path = edit_flashcard.m; sourceTree = "<group>"; };
		436E147517DDB22F00223D66 /* newgroup.h */ = {isa = PBXFileReference; fileEncoding = 4; lastKnownFileType = sourcecode.c.h; path = newgroup.h; sourceTree = "<group>"; };
		436E147617DDB22F00223D66 /* newgroup.m */ = {isa = PBXFileReference; fileEncoding = 4; lastKnownFileType = sourcecode.c.objc; path = newgroup.m; sourceTree = "<group>"; };
		4384168317DF01580085F9B2 /* DataViewController.h */ = {isa = PBXFileReference; fileEncoding = 4; lastKnownFileType = sourcecode.c.h; path = DataViewController.h; sourceTree = "<group>"; };
		4384168417DF01580085F9B2 /* DataViewController.m */ = {isa = PBXFileReference; fileEncoding = 4; lastKnownFileType = sourcecode.c.objc; path = DataViewController.m; sourceTree = "<group>"; };
		4384168617DF016F0085F9B2 /* ModelController.h */ = {isa = PBXFileReference; fileEncoding = 4; lastKnownFileType = sourcecode.c.h; path = ModelController.h; sourceTree = "<group>"; };
		4384168717DF016F0085F9B2 /* ModelController.m */ = {isa = PBXFileReference; fileEncoding = 4; lastKnownFileType = sourcecode.c.objc; path = ModelController.m; sourceTree = "<group>"; };
		4384168917DF01820085F9B2 /* RootViewController.h */ = {isa = PBXFileReference; fileEncoding = 4; lastKnownFileType = sourcecode.c.h; path = RootViewController.h; sourceTree = "<group>"; };
		4384168A17DF01820085F9B2 /* RootViewController.m */ = {isa = PBXFileReference; fileEncoding = 4; lastKnownFileType = sourcecode.c.objc; path = RootViewController.m; sourceTree = "<group>"; };
		4384168C17DF02C90085F9B2 /* ViewController.h */ = {isa = PBXFileReference; fileEncoding = 4; lastKnownFileType = sourcecode.c.h; path = ViewController.h; sourceTree = "<group>"; };
		4384168D17DF02C90085F9B2 /* ViewController.m */ = {isa = PBXFileReference; fileEncoding = 4; lastKnownFileType = sourcecode.c.objc; path = ViewController.m; sourceTree = "<group>"; };
		43F0CA7D17DDBEC100B13C26 /* group_information.h */ = {isa = PBXFileReference; fileEncoding = 4; lastKnownFileType = sourcecode.c.h; path = group_information.h; sourceTree = "<group>"; };
		43F0CA7E17DDBEC100B13C26 /* group_information.m */ = {isa = PBXFileReference; fileEncoding = 4; lastKnownFileType = sourcecode.c.objc; path = group_information.m; sourceTree = "<group>"; };
		43F0CA8A17DDCE6E00B13C26 /* search_group.h */ = {isa = PBXFileReference; fileEncoding = 4; lastKnownFileType = sourcecode.c.h; path = search_group.h; sourceTree = "<group>"; };
		43F0CA8B17DDCE6E00B13C26 /* search_group.m */ = {isa = PBXFileReference; fileEncoding = 4; lastKnownFileType = sourcecode.c.objc; path = search_group.m; sourceTree = "<group>"; };
		43F0CA8C17DDCE6E00B13C26 /* search_group.xib */ = {isa = PBXFileReference; fileEncoding = 4; lastKnownFileType = file.xib; path = search_group.xib; sourceTree = "<group>"; };
		43F0CA8F17DDD31C00B13C26 /* Candy.h */ = {isa = PBXFileReference; lastKnownFileType = sourcecode.c.h; path = Candy.h; sourceTree = "<group>"; };
		43F0CA9017DDD31C00B13C26 /* Candy.m */ = {isa = PBXFileReference; lastKnownFileType = sourcecode.c.objc; path = Candy.m; sourceTree = "<group>"; };
		43F0CA9117DDD37900B13C26 /* group_database.h */ = {isa = PBXFileReference; fileEncoding = 4; lastKnownFileType = sourcecode.c.h; path = group_database.h; sourceTree = "<group>"; };
		43F0CA9217DDD37900B13C26 /* group_database.m */ = {isa = PBXFileReference; fileEncoding = 4; lastKnownFileType = sourcecode.c.objc; path = group_database.m; sourceTree = "<group>"; };
		43F0CA9417DE9C6500B13C26 /* check_off.png */ = {isa = PBXFileReference; lastKnownFileType = image.png; path = check_off.png; sourceTree = "<group>"; };
		43F0CA9517DE9C6500B13C26 /* check_on.png */ = {isa = PBXFileReference; lastKnownFileType = image.png; path = check_on.png; sourceTree = "<group>"; };
		C3926E0217DE9FDE003F2131 /* HttpRequest.h */ = {isa = PBXFileReference; fileEncoding = 4; lastKnownFileType = sourcecode.c.h; path = HttpRequest.h; sourceTree = "<group>"; };
		C3926E0317DE9FDE003F2131 /* HttpRequest.m */ = {isa = PBXFileReference; fileEncoding = 4; lastKnownFileType = sourcecode.c.objc; path = HttpRequest.m; sourceTree = "<group>"; };
		C3E094A117D9E89100E7EB94 /* donow.app */ = {isa = PBXFileReference; explicitFileType = wrapper.application; includeInIndex = 0; path = donow.app; sourceTree = BUILT_PRODUCTS_DIR; };
		C3E094A417D9E89100E7EB94 /* UIKit.framework */ = {isa = PBXFileReference; lastKnownFileType = wrapper.framework; name = UIKit.framework; path = System/Library/Frameworks/UIKit.framework; sourceTree = SDKROOT; };
		C3E094A617D9E89100E7EB94 /* Foundation.framework */ = {isa = PBXFileReference; lastKnownFileType = wrapper.framework; name = Foundation.framework; path = System/Library/Frameworks/Foundation.framework; sourceTree = SDKROOT; };
		C3E094A817D9E89100E7EB94 /* CoreGraphics.framework */ = {isa = PBXFileReference; lastKnownFileType = wrapper.framework; name = CoreGraphics.framework; path = System/Library/Frameworks/CoreGraphics.framework; sourceTree = SDKROOT; };
		C3E094AC17D9E89100E7EB94 /* donow-Info.plist */ = {isa = PBXFileReference; lastKnownFileType = text.plist.xml; path = "donow-Info.plist"; sourceTree = "<group>"; };
		C3E094AE17D9E89100E7EB94 /* en */ = {isa = PBXFileReference; lastKnownFileType = text.plist.strings; name = en; path = en.lproj/InfoPlist.strings; sourceTree = "<group>"; };
		C3E094B017D9E89100E7EB94 /* main.m */ = {isa = PBXFileReference; lastKnownFileType = sourcecode.c.objc; path = main.m; sourceTree = "<group>"; };
		C3E094B217D9E89100E7EB94 /* donow-Prefix.pch */ = {isa = PBXFileReference; lastKnownFileType = sourcecode.c.h; path = "donow-Prefix.pch"; sourceTree = "<group>"; };
		C3E094B317D9E89100E7EB94 /* AppDelegate.h */ = {isa = PBXFileReference; lastKnownFileType = sourcecode.c.h; path = AppDelegate.h; sourceTree = "<group>"; };
		C3E094B417D9E89100E7EB94 /* AppDelegate.m */ = {isa = PBXFileReference; lastKnownFileType = sourcecode.c.objc; path = AppDelegate.m; sourceTree = "<group>"; };
		C3E094B617D9E89100E7EB94 /* Default.png */ = {isa = PBXFileReference; lastKnownFileType = image.png; path = Default.png; sourceTree = "<group>"; };
		C3E094B817D9E89100E7EB94 /* Default@2x.png */ = {isa = PBXFileReference; lastKnownFileType = image.png; path = "Default@2x.png"; sourceTree = "<group>"; };
		C3E094BA17D9E89100E7EB94 /* Default-568h@2x.png */ = {isa = PBXFileReference; lastKnownFileType = image.png; path = "Default-568h@2x.png"; sourceTree = "<group>"; };
		C3E094BD17D9E89100E7EB94 /* en */ = {isa = PBXFileReference; lastKnownFileType = file.storyboard; name = en; path = en.lproj/MainStoryboard_iPhone.storyboard; sourceTree = "<group>"; };
/* End PBXFileReference section */

/* Begin PBXFrameworksBuildPhase section */
		C3E0949E17D9E89100E7EB94 /* Frameworks */ = {
			isa = PBXFrameworksBuildPhase;
			buildActionMask = 2147483647;
			files = (
				431BDD4017DB170100937886 /* QuartzCore.framework in Frameworks */,
				C3E094A517D9E89100E7EB94 /* UIKit.framework in Frameworks */,
				C3E094A717D9E89100E7EB94 /* Foundation.framework in Frameworks */,
				C3E094A917D9E89100E7EB94 /* CoreGraphics.framework in Frameworks */,
			);
			runOnlyForDeploymentPostprocessing = 0;
		};
/* End PBXFrameworksBuildPhase section */

/* Begin PBXGroup section */
		436E146917DD94BD00223D66 /* flashcard */ = {
			isa = PBXGroup;
			children = (
				43F98DC717DEFD2400BE74BD /* flashcardview */,
				431BDC6F17DAE6A200937886 /* mypage.h */,
				431BDC7017DAE6A200937886 /* mypage.m */,
				436E145D17DD827A00223D66 /* flashcard_setting.h */,
				436E145E17DD827A00223D66 /* flashcard_setting.m */,
				436E145A17DD704500223D66 /* flashcard.h */,
				436E145B17DD704600223D66 /* flashcard.m */,
				436E144E17DD57F600223D66 /* choice_word.m */,
				436E144D17DD57F600223D66 /* choice_word.h */,
				4358606B17DC4F270026D7A2 /* choice_group.h */,
				4358606C17DC4F270026D7A2 /* choice_group.m */,
				431BDC7917DB034E00937886 /* newflashcard.h */,
				436E147217DDAE5100223D66 /* edit_flashcard.h */,
				436E147317DDAE5100223D66 /* edit_flashcard.m */,
				431BDC7A17DB034E00937886 /* newflashcard.m */,
			);
			name = flashcard;
			sourceTree = "<group>";
		};
		436E146A17DD953100223D66 /* group */ = {
			isa = PBXGroup;
			children = (
				43F0CA8F17DDD31C00B13C26 /* Candy.h */,
				43F0CA9017DDD31C00B13C26 /* Candy.m */,
				43F0CA8A17DDCE6E00B13C26 /* search_group.h */,
				43F0CA8B17DDCE6E00B13C26 /* search_group.m */,
				43F0CA9117DDD37900B13C26 /* group_database.h */,
				43F0CA9217DDD37900B13C26 /* group_database.m */,
				43F0CA8C17DDCE6E00B13C26 /* search_group.xib */,
				43F0CA7D17DDBEC100B13C26 /* group_information.h */,
				43F0CA7E17DDBEC100B13C26 /* group_information.m */,
				436E147517DDB22F00223D66 /* newgroup.h */,
				436E147617DDB22F00223D66 /* newgroup.m */,
				431BDC7417DAE6E300937886 /* group.h */,
				431BDC7517DAE6E300937886 /* group.m */,
			);
			name = group;
			sourceTree = "<group>";
		};
		436E146B17DD955600223D66 /* image */ = {
			isa = PBXGroup;
			children = (
				431BDD4117DB178300937886 /* sample1.png */,
				431BDD4217DB178400937886 /* sample2.png */,
				43F0CA9417DE9C6500B13C26 /* check_off.png */,
				43F0CA9517DE9C6500B13C26 /* check_on.png */,
				436E145017DD6C7200223D66 /* 127.gif */,
				436E145117DD6C7200223D66 /* 136.gif */,
			);
			name = image;
			sourceTree = "<group>";
		};
		43F98DC717DEFD2400BE74BD /* flashcardview */ = {
			isa = PBXGroup;
			children = (
				4384168C17DF02C90085F9B2 /* ViewController.h */,
				4384168D17DF02C90085F9B2 /* ViewController.m */,
				4384168317DF01580085F9B2 /* DataViewController.h */,
				4384168417DF01580085F9B2 /* DataViewController.m */,
				4384168617DF016F0085F9B2 /* ModelController.h */,
				4384168717DF016F0085F9B2 /* ModelController.m */,
				4384168917DF01820085F9B2 /* RootViewController.h */,
				4384168A17DF01820085F9B2 /* RootViewController.m */,
			);
			name = flashcardview;
			sourceTree = "<group>";
		};
		43F98DC817DEFD3E00BE74BD /* Auth */ = {
			isa = PBXGroup;
			children = (
				4344FD2617DEE746002CAAF7 /* regist_user.h */,
				4344FD2717DEE747002CAAF7 /* regist_user.m */,
				431BDC6A17DAE2A800937886 /* login.h */,
				431BDC6B17DAE2A800937886 /* login.m */,
			);
			name = Auth;
			sourceTree = "<group>";
		};
		C3926E0517DE9FE7003F2131 /* Http */ = {
			isa = PBXGroup;
			children = (
				C3926E0217DE9FDE003F2131 /* HttpRequest.h */,
				C3926E0317DE9FDE003F2131 /* HttpRequest.m */,
			);
			name = Http;
			sourceTree = "<group>";
		};
		C3E0949817D9E89100E7EB94 = {
			isa = PBXGroup;
			children = (
				431BDD3F17DB170100937886 /* QuartzCore.framework */,
				C3E094AA17D9E89100E7EB94 /* donow */,
				C3E094A317D9E89100E7EB94 /* Frameworks */,
				C3E094A217D9E89100E7EB94 /* Products */,
			);
			sourceTree = "<group>";
		};
		C3E094A217D9E89100E7EB94 /* Products */ = {
			isa = PBXGroup;
			children = (
				C3E094A117D9E89100E7EB94 /* donow.app */,
			);
			name = Products;
			sourceTree = "<group>";
		};
		C3E094A317D9E89100E7EB94 /* Frameworks */ = {
			isa = PBXGroup;
			children = (
				C3E094A417D9E89100E7EB94 /* UIKit.framework */,
				C3E094A617D9E89100E7EB94 /* Foundation.framework */,
				C3E094A817D9E89100E7EB94 /* CoreGraphics.framework */,
			);
			name = Frameworks;
			sourceTree = "<group>";
		};
		C3E094AA17D9E89100E7EB94 /* donow */ = {
			isa = PBXGroup;
			children = (
				C3E094BC17D9E89100E7EB94 /* MainStoryboard_iPhone.storyboard */,
				C3E094B317D9E89100E7EB94 /* AppDelegate.h */,
				C3E094B417D9E89100E7EB94 /* AppDelegate.m */,
				43F98DC817DEFD3E00BE74BD /* Auth */,
				C3926E0517DE9FE7003F2131 /* Http */,
				436E146917DD94BD00223D66 /* flashcard */,
				436E146A17DD953100223D66 /* group */,
				436E146B17DD955600223D66 /* image */,
				C3E094AB17D9E89100E7EB94 /* Supporting Files */,
			);
			path = donow;
			sourceTree = "<group>";
		};
		C3E094AB17D9E89100E7EB94 /* Supporting Files */ = {
			isa = PBXGroup;
			children = (
				C3E094AC17D9E89100E7EB94 /* donow-Info.plist */,
				C3E094AD17D9E89100E7EB94 /* InfoPlist.strings */,
				C3E094B017D9E89100E7EB94 /* main.m */,
				C3E094B217D9E89100E7EB94 /* donow-Prefix.pch */,
				C3E094B617D9E89100E7EB94 /* Default.png */,
				C3E094B817D9E89100E7EB94 /* Default@2x.png */,
				C3E094BA17D9E89100E7EB94 /* Default-568h@2x.png */,
			);
			name = "Supporting Files";
			sourceTree = "<group>";
		};
/* End PBXGroup section */

/* Begin PBXNativeTarget section */
		C3E094A017D9E89100E7EB94 /* donow */ = {
			isa = PBXNativeTarget;
			buildConfigurationList = C3E094C717D9E89100E7EB94 /* Build configuration list for PBXNativeTarget "donow" */;
			buildPhases = (
				C3E0949D17D9E89100E7EB94 /* Sources */,
				C3E0949E17D9E89100E7EB94 /* Frameworks */,
				C3E0949F17D9E89100E7EB94 /* Resources */,
			);
			buildRules = (
			);
			dependencies = (
			);
			name = donow;
			productName = donow;
			productReference = C3E094A117D9E89100E7EB94 /* donow.app */;
			productType = "com.apple.product-type.application";
		};
/* End PBXNativeTarget section */

/* Begin PBXProject section */
		C3E0949917D9E89100E7EB94 /* Project object */ = {
			isa = PBXProject;
			attributes = {
				LastUpgradeCheck = 0460;
			};
			buildConfigurationList = C3E0949C17D9E89100E7EB94 /* Build configuration list for PBXProject "donow" */;
			compatibilityVersion = "Xcode 3.2";
			developmentRegion = English;
			hasScannedForEncodings = 0;
			knownRegions = (
				en,
			);
			mainGroup = C3E0949817D9E89100E7EB94;
			productRefGroup = C3E094A217D9E89100E7EB94 /* Products */;
			projectDirPath = "";
			projectRoot = "";
			targets = (
				C3E094A017D9E89100E7EB94 /* donow */,
			);
		};
/* End PBXProject section */

/* Begin PBXResourcesBuildPhase section */
		C3E0949F17D9E89100E7EB94 /* Resources */ = {
			isa = PBXResourcesBuildPhase;
			buildActionMask = 2147483647;
			files = (
				C3E094AF17D9E89100E7EB94 /* InfoPlist.strings in Resources */,
				C3E094B717D9E89100E7EB94 /* Default.png in Resources */,
				C3E094B917D9E89100E7EB94 /* Default@2x.png in Resources */,
				C3E094BB17D9E89100E7EB94 /* Default-568h@2x.png in Resources */,
				C3E094BE17D9E89100E7EB94 /* MainStoryboard_iPhone.storyboard in Resources */,
				431BDD4317DB178400937886 /* sample1.png in Resources */,
				431BDD4417DB178400937886 /* sample2.png in Resources */,
				436E145217DD6C7200223D66 /* 127.gif in Resources */,
				436E145317DD6C7200223D66 /* 136.gif in Resources */,
				43F0CA8E17DDCE6E00B13C26 /* search_group.xib in Resources */,
				43F0CA9617DE9C6500B13C26 /* check_off.png in Resources */,
				43F0CA9717DE9C6500B13C26 /* check_on.png in Resources */,
			);
			runOnlyForDeploymentPostprocessing = 0;
		};
/* End PBXResourcesBuildPhase section */

/* Begin PBXSourcesBuildPhase section */
		C3E0949D17D9E89100E7EB94 /* Sources */ = {
			isa = PBXSourcesBuildPhase;
			buildActionMask = 2147483647;
			files = (
				C3E094B117D9E89100E7EB94 /* main.m in Sources */,
				C3E094B517D9E89100E7EB94 /* AppDelegate.m in Sources */,
				431BDC6D17DAE2A800937886 /* login.m in Sources */,
				431BDC7217DAE6A200937886 /* mypage.m in Sources */,
				431BDC7717DAE6E300937886 /* group.m in Sources */,
				431BDC7C17DB034E00937886 /* newflashcard.m in Sources */,
				4358606D17DC4F270026D7A2 /* choice_group.m in Sources */,
				436E144F17DD57F600223D66 /* choice_word.m in Sources */,
				436E145C17DD704600223D66 /* flashcard.m in Sources */,
				436E145F17DD827A00223D66 /* flashcard_setting.m in Sources */,
				436E147417DDAE5100223D66 /* edit_flashcard.m in Sources */,
				436E147717DDB22F00223D66 /* newgroup.m in Sources */,
				43F0CA7F17DDBEC100B13C26 /* group_information.m in Sources */,
				43F0CA8D17DDCE6E00B13C26 /* search_group.m in Sources */,
				43F0CA9317DDD37900B13C26 /* group_database.m in Sources */,
				C3926E0417DE9FDE003F2131 /* HttpRequest.m in Sources */,
				4344FD2817DEE747002CAAF7 /* regist_user.m in Sources */,
				4384168517DF01580085F9B2 /* DataViewController.m in Sources */,
				4384168817DF016F0085F9B2 /* ModelController.m in Sources */,
				4384168B17DF01820085F9B2 /* RootViewController.m in Sources */,
				4384168E17DF02C90085F9B2 /* ViewController.m in Sources */,
			);
			runOnlyForDeploymentPostprocessing = 0;
		};
/* End PBXSourcesBuildPhase section */

/* Begin PBXVariantGroup section */
		C3E094AD17D9E89100E7EB94 /* InfoPlist.strings */ = {
			isa = PBXVariantGroup;
			children = (
				C3E094AE17D9E89100E7EB94 /* en */,
			);
			name = InfoPlist.strings;
			sourceTree = "<group>";
		};
		C3E094BC17D9E89100E7EB94 /* MainStoryboard_iPhone.storyboard */ = {
			isa = PBXVariantGroup;
			children = (
				C3E094BD17D9E89100E7EB94 /* en */,
			);
			name = MainStoryboard_iPhone.storyboard;
			sourceTree = "<group>";
		};
/* End PBXVariantGroup section */

/* Begin XCBuildConfiguration section */
		C3E094C517D9E89100E7EB94 /* Debug */ = {
			isa = XCBuildConfiguration;
			buildSettings = {
				ALWAYS_SEARCH_USER_PATHS = NO;
				CLANG_CXX_LANGUAGE_STANDARD = "gnu++0x";
				CLANG_CXX_LIBRARY = "libc++";
				CLANG_ENABLE_OBJC_ARC = YES;
				CLANG_WARN_CONSTANT_CONVERSION = YES;
				CLANG_WARN_EMPTY_BODY = YES;
				CLANG_WARN_ENUM_CONVERSION = YES;
				CLANG_WARN_INT_CONVERSION = YES;
				CLANG_WARN__DUPLICATE_METHOD_MATCH = YES;
				"CODE_SIGN_IDENTITY[sdk=iphoneos*]" = "iPhone Developer";
				COPY_PHASE_STRIP = NO;
				GCC_C_LANGUAGE_STANDARD = gnu99;
				GCC_DYNAMIC_NO_PIC = NO;
				GCC_OPTIMIZATION_LEVEL = 0;
				GCC_PREPROCESSOR_DEFINITIONS = (
					"DEBUG=1",
					"$(inherited)",
				);
				GCC_SYMBOLS_PRIVATE_EXTERN = NO;
				GCC_WARN_ABOUT_RETURN_TYPE = YES;
				GCC_WARN_UNINITIALIZED_AUTOS = YES;
				GCC_WARN_UNUSED_VARIABLE = YES;
				IPHONEOS_DEPLOYMENT_TARGET = 6.1;
				ONLY_ACTIVE_ARCH = YES;
				SDKROOT = iphoneos;
				TARGETED_DEVICE_FAMILY = "1,2";
			};
			name = Debug;
		};
		C3E094C617D9E89100E7EB94 /* Release */ = {
			isa = XCBuildConfiguration;
			buildSettings = {
				ALWAYS_SEARCH_USER_PATHS = NO;
				CLANG_CXX_LANGUAGE_STANDARD = "gnu++0x";
				CLANG_CXX_LIBRARY = "libc++";
				CLANG_ENABLE_OBJC_ARC = YES;
				CLANG_WARN_CONSTANT_CONVERSION = YES;
				CLANG_WARN_EMPTY_BODY = YES;
				CLANG_WARN_ENUM_CONVERSION = YES;
				CLANG_WARN_INT_CONVERSION = YES;
				CLANG_WARN__DUPLICATE_METHOD_MATCH = YES;
				"CODE_SIGN_IDENTITY[sdk=iphoneos*]" = "iPhone Developer";
				COPY_PHASE_STRIP = YES;
				GCC_C_LANGUAGE_STANDARD = gnu99;
				GCC_WARN_ABOUT_RETURN_TYPE = YES;
				GCC_WARN_UNINITIALIZED_AUTOS = YES;
				GCC_WARN_UNUSED_VARIABLE = YES;
				IPHONEOS_DEPLOYMENT_TARGET = 6.1;
				OTHER_CFLAGS = "-DNS_BLOCK_ASSERTIONS=1";
				SDKROOT = iphoneos;
				TARGETED_DEVICE_FAMILY = "1,2";
				VALIDATE_PRODUCT = YES;
			};
			name = Release;
		};
		C3E094C817D9E89100E7EB94 /* Debug */ = {
			isa = XCBuildConfiguration;
			buildSettings = {
				GCC_PRECOMPILE_PREFIX_HEADER = YES;
				GCC_PREFIX_HEADER = "donow/donow-Prefix.pch";
				INFOPLIST_FILE = "donow/donow-Info.plist";
				IPHONEOS_DEPLOYMENT_TARGET = 6.1;
				PRODUCT_NAME = "$(TARGET_NAME)";
				TARGETED_DEVICE_FAMILY = 1;
				WRAPPER_EXTENSION = app;
			};
			name = Debug;
		};
		C3E094C917D9E89100E7EB94 /* Release */ = {
			isa = XCBuildConfiguration;
			buildSettings = {
				GCC_PRECOMPILE_PREFIX_HEADER = YES;
				GCC_PREFIX_HEADER = "donow/donow-Prefix.pch";
				INFOPLIST_FILE = "donow/donow-Info.plist";
				IPHONEOS_DEPLOYMENT_TARGET = 6.1;
				PRODUCT_NAME = "$(TARGET_NAME)";
				TARGETED_DEVICE_FAMILY = 1;
				WRAPPER_EXTENSION = app;
			};
			name = Release;
		};
/* End XCBuildConfiguration section */

/* Begin XCConfigurationList section */
		C3E0949C17D9E89100E7EB94 /* Build configuration list for PBXProject "donow" */ = {
			isa = XCConfigurationList;
			buildConfigurations = (
				C3E094C517D9E89100E7EB94 /* Debug */,
				C3E094C617D9E89100E7EB94 /* Release */,
			);
			defaultConfigurationIsVisible = 0;
			defaultConfigurationName = Release;
		};
		C3E094C717D9E89100E7EB94 /* Build configuration list for PBXNativeTarget "donow" */ = {
			isa = XCConfigurationList;
			buildConfigurations = (
				C3E094C817D9E89100E7EB94 /* Debug */,
				C3E094C917D9E89100E7EB94 /* Release */,
			);
			defaultConfigurationIsVisible = 0;
			defaultConfigurationName = Release;
		};
/* End XCConfigurationList section */
	};
	rootObject = C3E0949917D9E89100E7EB94 /* Project object */;
}
